// !$*UTF8*$!
{
	archiveVersion = 1;
	classes = {
	};
	objectVersion = 55;
	objects = {

/* Begin PBXBuildFile section */
		C355AE1B28E139050031C977 /* AlamofireImage in Frameworks */ = {isa = PBXBuildFile; productRef = C355AE1A28E139050031C977 /* AlamofireImage */; };
		C395A09628E12CA80075472A /* AppDelegate.swift in Sources */ = {isa = PBXBuildFile; fileRef = C395A09528E12CA80075472A /* AppDelegate.swift */; };
		C395A09828E12CA80075472A /* SceneDelegate.swift in Sources */ = {isa = PBXBuildFile; fileRef = C395A09728E12CA80075472A /* SceneDelegate.swift */; };
		C395A09A28E12CA80075472A /* ViewController.swift in Sources */ = {isa = PBXBuildFile; fileRef = C395A09928E12CA80075472A /* ViewController.swift */; };
		C395A09D28E12CA80075472A /* Main.storyboard in Resources */ = {isa = PBXBuildFile; fileRef = C395A09B28E12CA80075472A /* Main.storyboard */; };
		C395A09F28E12CAA0075472A /* Assets.xcassets in Resources */ = {isa = PBXBuildFile; fileRef = C395A09E28E12CAA0075472A /* Assets.xcassets */; };
		C395A0A228E12CAA0075472A /* LaunchScreen.storyboard in Resources */ = {isa = PBXBuildFile; fileRef = C395A0A028E12CAA0075472A /* LaunchScreen.storyboard */; };
		C395A0AD28E12CAA0075472A /* FlixTests.swift in Sources */ = {isa = PBXBuildFile; fileRef = C395A0AC28E12CAA0075472A /* FlixTests.swift */; };
		C395A0B728E12CAA0075472A /* FlixUITests.swift in Sources */ = {isa = PBXBuildFile; fileRef = C395A0B628E12CAA0075472A /* FlixUITests.swift */; };
		C395A0B928E12CAA0075472A /* FlixUITestsLaunchTests.swift in Sources */ = {isa = PBXBuildFile; fileRef = C395A0B828E12CAA0075472A /* FlixUITestsLaunchTests.swift */; };
		C395A0C628E12CE10075472A /* MoviesViewController.swift in Sources */ = {isa = PBXBuildFile; fileRef = C395A0C528E12CE10075472A /* MoviesViewController.swift */; };
		C395A0CA28E134240075472A /* MovieCell.swift in Sources */ = {isa = PBXBuildFile; fileRef = C395A0C928E134240075472A /* MovieCell.swift */; };
		C3F683C328E29F7B00A88665 /* MovieDetailsViewController.swift in Sources */ = {isa = PBXBuildFile; fileRef = C3F683C228E29F7B00A88665 /* MovieDetailsViewController.swift */; };
		C3F683C528E2A5C100A88665 /* MovieGridViewController.swift in Sources */ = {isa = PBXBuildFile; fileRef = C3F683C428E2A5C100A88665 /* MovieGridViewController.swift */; };
		C3F683C728E2A7FE00A88665 /* MovieGridCell.swift in Sources */ = {isa = PBXBuildFile; fileRef = C3F683C628E2A7FE00A88665 /* MovieGridCell.swift */; };
/* End PBXBuildFile section */

/* Begin PBXContainerItemProxy section */
		C395A0A928E12CAA0075472A /* PBXContainerItemProxy */ = {
			isa = PBXContainerItemProxy;
			containerPortal = C395A08A28E12CA80075472A /* Project object */;
			proxyType = 1;
			remoteGlobalIDString = C395A09128E12CA80075472A;
			remoteInfo = Flix;
		};
		C395A0B328E12CAA0075472A /* PBXContainerItemProxy */ = {
			isa = PBXContainerItemProxy;
			containerPortal = C395A08A28E12CA80075472A /* Project object */;
			proxyType = 1;
			remoteGlobalIDString = C395A09128E12CA80075472A;
			remoteInfo = Flix;
		};
/* End PBXContainerItemProxy section */

/* Begin PBXFileReference section */
		C395A09228E12CA80075472A /* Flix.app */ = {isa = PBXFileReference; explicitFileType = wrapper.application; includeInIndex = 0; path = Flix.app; sourceTree = BUILT_PRODUCTS_DIR; };
		C395A09528E12CA80075472A /* AppDelegate.swift */ = {isa = PBXFileReference; lastKnownFileType = sourcecode.swift; path = AppDelegate.swift; sourceTree = "<group>"; };
		C395A09728E12CA80075472A /* SceneDelegate.swift */ = {isa = PBXFileReference; lastKnownFileType = sourcecode.swift; path = SceneDelegate.swift; sourceTree = "<group>"; };
		C395A09928E12CA80075472A /* ViewController.swift */ = {isa = PBXFileReference; lastKnownFileType = sourcecode.swift; path = ViewController.swift; sourceTree = "<group>"; };
		C395A09C28E12CA80075472A /* Base */ = {isa = PBXFileReference; lastKnownFileType = file.storyboard; name = Base; path = Base.lproj/Main.storyboard; sourceTree = "<group>"; };
		C395A09E28E12CAA0075472A /* Assets.xcassets */ = {isa = PBXFileReference; lastKnownFileType = folder.assetcatalog; path = Assets.xcassets; sourceTree = "<group>"; };
		C395A0A128E12CAA0075472A /* Base */ = {isa = PBXFileReference; lastKnownFileType = file.storyboard; name = Base; path = Base.lproj/LaunchScreen.storyboard; sourceTree = "<group>"; };
		C395A0A328E12CAA0075472A /* Info.plist */ = {isa = PBXFileReference; lastKnownFileType = text.plist.xml; path = Info.plist; sourceTree = "<group>"; };
		C395A0A828E12CAA0075472A /* FlixTests.xctest */ = {isa = PBXFileReference; explicitFileType = wrapper.cfbundle; includeInIndex = 0; path = FlixTests.xctest; sourceTree = BUILT_PRODUCTS_DIR; };
		C395A0AC28E12CAA0075472A /* FlixTests.swift */ = {isa = PBXFileReference; lastKnownFileType = sourcecode.swift; path = FlixTests.swift; sourceTree = "<group>"; };
		C395A0B228E12CAA0075472A /* FlixUITests.xctest */ = {isa = PBXFileReference; explicitFileType = wrapper.cfbundle; includeInIndex = 0; path = FlixUITests.xctest; sourceTree = BUILT_PRODUCTS_DIR; };
		C395A0B628E12CAA0075472A /* FlixUITests.swift */ = {isa = PBXFileReference; lastKnownFileType = sourcecode.swift; path = FlixUITests.swift; sourceTree = "<group>"; };
		C395A0B828E12CAA0075472A /* FlixUITestsLaunchTests.swift */ = {isa = PBXFileReference; lastKnownFileType = sourcecode.swift; path = FlixUITestsLaunchTests.swift; sourceTree = "<group>"; };
		C395A0C528E12CE10075472A /* MoviesViewController.swift */ = {isa = PBXFileReference; lastKnownFileType = sourcecode.swift; path = MoviesViewController.swift; sourceTree = "<group>"; };
		C395A0C928E134240075472A /* MovieCell.swift */ = {isa = PBXFileReference; lastKnownFileType = sourcecode.swift; path = MovieCell.swift; sourceTree = "<group>"; };
		C3F683C228E29F7B00A88665 /* MovieDetailsViewController.swift */ = {isa = PBXFileReference; lastKnownFileType = sourcecode.swift; path = MovieDetailsViewController.swift; sourceTree = "<group>"; };
		C3F683C428E2A5C100A88665 /* MovieGridViewController.swift */ = {isa = PBXFileReference; lastKnownFileType = sourcecode.swift; path = MovieGridViewController.swift; sourceTree = "<group>"; };
		C3F683C628E2A7FE00A88665 /* MovieGridCell.swift */ = {isa = PBXFileReference; lastKnownFileType = sourcecode.swift; path = MovieGridCell.swift; sourceTree = "<group>"; };
/* End PBXFileReference section */

/* Begin PBXFrameworksBuildPhase section */
		C395A08F28E12CA80075472A /* Frameworks */ = {
			isa = PBXFrameworksBuildPhase;
			buildActionMask = 2147483647;
			files = (
				C355AE1B28E139050031C977 /* AlamofireImage in Frameworks */,
			);
			runOnlyForDeploymentPostprocessing = 0;
		};
		C395A0A528E12CAA0075472A /* Frameworks */ = {
			isa = PBXFrameworksBuildPhase;
			buildActionMask = 2147483647;
			files = (
			);
			runOnlyForDeploymentPostprocessing = 0;
		};
		C395A0AF28E12CAA0075472A /* Frameworks */ = {
			isa = PBXFrameworksBuildPhase;
			buildActionMask = 2147483647;
			files = (
			);
			runOnlyForDeploymentPostprocessing = 0;
		};
/* End PBXFrameworksBuildPhase section */

/* Begin PBXGroup section */
		C395A08928E12CA80075472A = {
			isa = PBXGroup;
			children = (
				C395A09428E12CA80075472A /* Flix */,
				C395A0AB28E12CAA0075472A /* FlixTests */,
				C395A0B528E12CAA0075472A /* FlixUITests */,
				C395A09328E12CA80075472A /* Products */,
			);
			sourceTree = "<group>";
		};
		C395A09328E12CA80075472A /* Products */ = {
			isa = PBXGroup;
			children = (
				C395A09228E12CA80075472A /* Flix.app */,
				C395A0A828E12CAA0075472A /* FlixTests.xctest */,
				C395A0B228E12CAA0075472A /* FlixUITests.xctest */,
			);
			name = Products;
			sourceTree = "<group>";
		};
		C395A09428E12CA80075472A /* Flix */ = {
			isa = PBXGroup;
			children = (
				C395A09528E12CA80075472A /* AppDelegate.swift */,
				C395A09728E12CA80075472A /* SceneDelegate.swift */,
				C395A09928E12CA80075472A /* ViewController.swift */,
				C395A09B28E12CA80075472A /* Main.storyboard */,
				C3F683C628E2A7FE00A88665 /* MovieGridCell.swift */,
				C3F683C428E2A5C100A88665 /* MovieGridViewController.swift */,
				C3F683C228E29F7B00A88665 /* MovieDetailsViewController.swift */,
				C395A0C928E134240075472A /* MovieCell.swift */,
				C395A09E28E12CAA0075472A /* Assets.xcassets */,
				C395A0A028E12CAA0075472A /* LaunchScreen.storyboard */,
				C395A0A328E12CAA0075472A /* Info.plist */,
				C395A0C528E12CE10075472A /* MoviesViewController.swift */,
			);
			path = Flix;
			sourceTree = "<group>";
		};
		C395A0AB28E12CAA0075472A /* FlixTests */ = {
			isa = PBXGroup;
			children = (
				C395A0AC28E12CAA0075472A /* FlixTests.swift */,
			);
			path = FlixTests;
			sourceTree = "<group>";
		};
		C395A0B528E12CAA0075472A /* FlixUITests */ = {
			isa = PBXGroup;
			children = (
				C395A0B628E12CAA0075472A /* FlixUITests.swift */,
				C395A0B828E12CAA0075472A /* FlixUITestsLaunchTests.swift */,
			);
			path = FlixUITests;
			sourceTree = "<group>";
		};
/* End PBXGroup section */

/* Begin PBXNativeTarget section */
		C395A09128E12CA80075472A /* Flix */ = {
			isa = PBXNativeTarget;
			buildConfigurationList = C395A0BC28E12CAA0075472A /* Build configuration list for PBXNativeTarget "Flix" */;
			buildPhases = (
				C395A08E28E12CA80075472A /* Sources */,
				C395A08F28E12CA80075472A /* Frameworks */,
				C395A09028E12CA80075472A /* Resources */,
			);
			buildRules = (
			);
			dependencies = (
			);
			name = Flix;
			packageProductDependencies = (
				C355AE1A28E139050031C977 /* AlamofireImage */,
			);
			productName = Flix;
			productReference = C395A09228E12CA80075472A /* Flix.app */;
			productType = "com.apple.product-type.application";
		};
		C395A0A728E12CAA0075472A /* FlixTests */ = {
			isa = PBXNativeTarget;
			buildConfigurationList = C395A0BF28E12CAA0075472A /* Build configuration list for PBXNativeTarget "FlixTests" */;
			buildPhases = (
				C395A0A428E12CAA0075472A /* Sources */,
				C395A0A528E12CAA0075472A /* Frameworks */,
				C395A0A628E12CAA0075472A /* Resources */,
			);
			buildRules = (
			);
			dependencies = (
				C395A0AA28E12CAA0075472A /* PBXTargetDependency */,
			);
			name = FlixTests;
			productName = FlixTests;
			productReference = C395A0A828E12CAA0075472A /* FlixTests.xctest */;
			productType = "com.apple.product-type.bundle.unit-test";
		};
		C395A0B128E12CAA0075472A /* FlixUITests */ = {
			isa = PBXNativeTarget;
			buildConfigurationList = C395A0C228E12CAA0075472A /* Build configuration list for PBXNativeTarget "FlixUITests" */;
			buildPhases = (
				C395A0AE28E12CAA0075472A /* Sources */,
				C395A0AF28E12CAA0075472A /* Frameworks */,
				C395A0B028E12CAA0075472A /* Resources */,
			);
			buildRules = (
			);
			dependencies = (
				C395A0B428E12CAA0075472A /* PBXTargetDependency */,
			);
			name = FlixUITests;
			productName = FlixUITests;
			productReference = C395A0B228E12CAA0075472A /* FlixUITests.xctest */;
			productType = "com.apple.product-type.bundle.ui-testing";
		};
/* End PBXNativeTarget section */

/* Begin PBXProject section */
		C395A08A28E12CA80075472A /* Project object */ = {
			isa = PBXProject;
			attributes = {
				BuildIndependentTargetsInParallel = 1;
				LastSwiftUpdateCheck = 1400;
				LastUpgradeCheck = 1400;
				TargetAttributes = {
					C395A09128E12CA80075472A = {
						CreatedOnToolsVersion = 14.0;
					};
					C395A0A728E12CAA0075472A = {
						CreatedOnToolsVersion = 14.0;
						TestTargetID = C395A09128E12CA80075472A;
					};
					C395A0B128E12CAA0075472A = {
						CreatedOnToolsVersion = 14.0;
						TestTargetID = C395A09128E12CA80075472A;
					};
				};
			};
			buildConfigurationList = C395A08D28E12CA80075472A /* Build configuration list for PBXProject "Flix" */;
			compatibilityVersion = "Xcode 13.0";
			developmentRegion = en;
			hasScannedForEncodings = 0;
			knownRegions = (
				en,
				Base,
			);
			mainGroup = C395A08928E12CA80075472A;
			packageReferences = (
				C355AE1928E139050031C977 /* XCRemoteSwiftPackageReference "AlamofireImage" */,
			);
			productRefGroup = C395A09328E12CA80075472A /* Products */;
			projectDirPath = "";
			projectRoot = "";
			targets = (
				C395A09128E12CA80075472A /* Flix */,
				C395A0A728E12CAA0075472A /* FlixTests */,
				C395A0B128E12CAA0075472A /* FlixUITests */,
			);
		};
/* End PBXProject section */

/* Begin PBXResourcesBuildPhase section */
		C395A09028E12CA80075472A /* Resources */ = {
			isa = PBXResourcesBuildPhase;
			buildActionMask = 2147483647;
			files = (
				C395A0A228E12CAA0075472A /* LaunchScreen.storyboard in Resources */,
				C395A09F28E12CAA0075472A /* Assets.xcassets in Resources */,
				C395A09D28E12CA80075472A /* Main.storyboard in Resources */,
			);
			runOnlyForDeploymentPostprocessing = 0;
		};
		C395A0A628E12CAA0075472A /* Resources */ = {
			isa = PBXResourcesBuildPhase;
			buildActionMask = 2147483647;
			files = (
			);
			runOnlyForDeploymentPostprocessing = 0;
		};
		C395A0B028E12CAA0075472A /* Resources */ = {
			isa = PBXResourcesBuildPhase;
			buildActionMask = 2147483647;
			files = (
			);
			runOnlyForDeploymentPostprocessing = 0;
		};
/* End PBXResourcesBuildPhase section */

/* Begin PBXSourcesBuildPhase section */
		C395A08E28E12CA80075472A /* Sources */ = {
			isa = PBXSourcesBuildPhase;
			buildActionMask = 2147483647;
			files = (
				C395A09A28E12CA80075472A /* ViewController.swift in Sources */,
				C395A09628E12CA80075472A /* AppDelegate.swift in Sources */,
				C3F683C328E29F7B00A88665 /* MovieDetailsViewController.swift in Sources */,
				C3F683C528E2A5C100A88665 /* MovieGridViewController.swift in Sources */,
				C3F683C728E2A7FE00A88665 /* MovieGridCell.swift in Sources */,
				C395A09828E12CA80075472A /* SceneDelegate.swift in Sources */,
				C395A0CA28E134240075472A /* MovieCell.swift in Sources */,
				C395A0C628E12CE10075472A /* MoviesViewController.swift in Sources */,
			);
			runOnlyForDeploymentPostprocessing = 0;
		};
		C395A0A428E12CAA0075472A /* Sources */ = {
			isa = PBXSourcesBuildPhase;
			buildActionMask = 2147483647;
			files = (
				C395A0AD28E12CAA0075472A /* FlixTests.swift in Sources */,
			);
			runOnlyForDeploymentPostprocessing = 0;
		};
		C395A0AE28E12CAA0075472A /* Sources */ = {
			isa = PBXSourcesBuildPhase;
			buildActionMask = 2147483647;
			files = (
				C395A0B728E12CAA0075472A /* FlixUITests.swift in Sources */,
				C395A0B928E12CAA0075472A /* FlixUITestsLaunchTests.swift in Sources */,
			);
			runOnlyForDeploymentPostprocessing = 0;
		};
/* End PBXSourcesBuildPhase section */

/* Begin PBXTargetDependency section */
		C395A0AA28E12CAA0075472A /* PBXTargetDependency */ = {
			isa = PBXTargetDependency;
			target = C395A09128E12CA80075472A /* Flix */;
			targetProxy = C395A0A928E12CAA0075472A /* PBXContainerItemProxy */;
		};
		C395A0B428E12CAA0075472A /* PBXTargetDependency */ = {
			isa = PBXTargetDependency;
			target = C395A09128E12CA80075472A /* Flix */;
			targetProxy = C395A0B328E12CAA0075472A /* PBXContainerItemProxy */;
		};
/* End PBXTargetDependency section */

/* Begin PBXVariantGroup section */
		C395A09B28E12CA80075472A /* Main.storyboard */ = {
			isa = PBXVariantGroup;
			children = (
				C395A09C28E12CA80075472A /* Base */,
			);
			name = Main.storyboard;
			sourceTree = "<group>";
		};
		C395A0A028E12CAA0075472A /* LaunchScreen.storyboard */ = {
			isa = PBXVariantGroup;
			children = (
				C395A0A128E12CAA0075472A /* Base */,
			);
			name = LaunchScreen.storyboard;
			sourceTree = "<group>";
		};
/* End PBXVariantGroup section */

/* Begin XCBuildConfiguration section */
		C395A0BA28E12CAA0075472A /* Debug */ = {
			isa = XCBuildConfiguration;
			buildSettings = {
				ALWAYS_SEARCH_USER_PATHS = NO;
				CLANG_ANALYZER_NONNULL = YES;
				CLANG_ANALYZER_NUMBER_OBJECT_CONVERSION = YES_AGGRESSIVE;
				CLANG_CXX_LANGUAGE_STANDARD = "gnu++20";
				CLANG_ENABLE_MODULES = YES;
				CLANG_ENABLE_OBJC_ARC = YES;
				CLANG_ENABLE_OBJC_WEAK = YES;
				CLANG_WARN_BLOCK_CAPTURE_AUTORELEASING = YES;
				CLANG_WARN_BOOL_CONVERSION = YES;
				CLANG_WARN_COMMA = YES;
				CLANG_WARN_CONSTANT_CONVERSION = YES;
				CLANG_WARN_DEPRECATED_OBJC_IMPLEMENTATIONS = YES;
				CLANG_WARN_DIRECT_OBJC_ISA_USAGE = YES_ERROR;
				CLANG_WARN_DOCUMENTATION_COMMENTS = YES;
				CLANG_WARN_EMPTY_BODY = YES;
				CLANG_WARN_ENUM_CONVERSION = YES;
				CLANG_WARN_INFINITE_RECURSION = YES;
				CLANG_WARN_INT_CONVERSION = YES;
				CLANG_WARN_NON_LITERAL_NULL_CONVERSION = YES;
				CLANG_WARN_OBJC_IMPLICIT_RETAIN_SELF = YES;
				CLANG_WARN_OBJC_LITERAL_CONVERSION = YES;
				CLANG_WARN_OBJC_ROOT_CLASS = YES_ERROR;
				CLANG_WARN_QUOTED_INCLUDE_IN_FRAMEWORK_HEADER = YES;
				CLANG_WARN_RANGE_LOOP_ANALYSIS = YES;
				CLANG_WARN_STRICT_PROTOTYPES = YES;
				CLANG_WARN_SUSPICIOUS_MOVE = YES;
				CLANG_WARN_UNGUARDED_AVAILABILITY = YES_AGGRESSIVE;
				CLANG_WARN_UNREACHABLE_CODE = YES;
				CLANG_WARN__DUPLICATE_METHOD_MATCH = YES;
				COPY_PHASE_STRIP = NO;
				DEBUG_INFORMATION_FORMAT = dwarf;
				ENABLE_STRICT_OBJC_MSGSEND = YES;
				ENABLE_TESTABILITY = YES;
				GCC_C_LANGUAGE_STANDARD = gnu11;
				GCC_DYNAMIC_NO_PIC = NO;
				GCC_NO_COMMON_BLOCKS = YES;
				GCC_OPTIMIZATION_LEVEL = 0;
				GCC_PREPROCESSOR_DEFINITIONS = (
					"DEBUG=1",
					"$(inherited)",
				);
				GCC_WARN_64_TO_32_BIT_CONVERSION = YES;
				GCC_WARN_ABOUT_RETURN_TYPE = YES_ERROR;
				GCC_WARN_UNDECLARED_SELECTOR = YES;
				GCC_WARN_UNINITIALIZED_AUTOS = YES_AGGRESSIVE;
				GCC_WARN_UNUSED_FUNCTION = YES;
				GCC_WARN_UNUSED_VARIABLE = YES;
				IPHONEOS_DEPLOYMENT_TARGET = 15.0;
				MTL_ENABLE_DEBUG_INFO = INCLUDE_SOURCE;
				MTL_FAST_MATH = YES;
				ONLY_ACTIVE_ARCH = YES;
				SDKROOT = iphoneos;
				SWIFT_ACTIVE_COMPILATION_CONDITIONS = DEBUG;
				SWIFT_OPTIMIZATION_LEVEL = "-Onone";
			};
			name = Debug;
		};
		C395A0BB28E12CAA0075472A /* Release */ = {
			isa = XCBuildConfiguration;
			buildSettings = {
				ALWAYS_SEARCH_USER_PATHS = NO;
				CLANG_ANALYZER_NONNULL = YES;
				CLANG_ANALYZER_NUMBER_OBJECT_CONVERSION = YES_AGGRESSIVE;
				CLANG_CXX_LANGUAGE_STANDARD = "gnu++20";
				CLANG_ENABLE_MODULES = YES;
				CLANG_ENABLE_OBJC_ARC = YES;
				CLANG_ENABLE_OBJC_WEAK = YES;
				CLANG_WARN_BLOCK_CAPTURE_AUTORELEASING = YES;
				CLANG_WARN_BOOL_CONVERSION = YES;
				CLANG_WARN_COMMA = YES;
				CLANG_WARN_CONSTANT_CONVERSION = YES;
				CLANG_WARN_DEPRECATED_OBJC_IMPLEMENTATIONS = YES;
				CLANG_WARN_DIRECT_OBJC_ISA_USAGE = YES_ERROR;
				CLANG_WARN_DOCUMENTATION_COMMENTS = YES;
				CLANG_WARN_EMPTY_BODY = YES;
				CLANG_WARN_ENUM_CONVERSION = YES;
				CLANG_WARN_INFINITE_RECURSION = YES;
				CLANG_WARN_INT_CONVERSION = YES;
				CLANG_WARN_NON_LITERAL_NULL_CONVERSION = YES;
				CLANG_WARN_OBJC_IMPLICIT_RETAIN_SELF = YES;
				CLANG_WARN_OBJC_LITERAL_CONVERSION = YES;
				CLANG_WARN_OBJC_ROOT_CLASS = YES_ERROR;
				CLANG_WARN_QUOTED_INCLUDE_IN_FRAMEWORK_HEADER = YES;
				CLANG_WARN_RANGE_LOOP_ANALYSIS = YES;
				CLANG_WARN_STRICT_PROTOTYPES = YES;
				CLANG_WARN_SUSPICIOUS_MOVE = YES;
				CLANG_WARN_UNGUARDED_AVAILABILITY = YES_AGGRESSIVE;
				CLANG_WARN_UNREACHABLE_CODE = YES;
				CLANG_WARN__DUPLICATE_METHOD_MATCH = YES;
				COPY_PHASE_STRIP = NO;
				DEBUG_INFORMATION_FORMAT = "dwarf-with-dsym";
				ENABLE_NS_ASSERTIONS = NO;
				ENABLE_STRICT_OBJC_MSGSEND = YES;
				GCC_C_LANGUAGE_STANDARD = gnu11;
				GCC_NO_COMMON_BLOCKS = YES;
				GCC_WARN_64_TO_32_BIT_CONVERSION = YES;
				GCC_WARN_ABOUT_RETURN_TYPE = YES_ERROR;
				GCC_WARN_UNDECLARED_SELECTOR = YES;
				GCC_WARN_UNINITIALIZED_AUTOS = YES_AGGRESSIVE;
				GCC_WARN_UNUSED_FUNCTION = YES;
				GCC_WARN_UNUSED_VARIABLE = YES;
				IPHONEOS_DEPLOYMENT_TARGET = 15.0;
				MTL_ENABLE_DEBUG_INFO = NO;
				MTL_FAST_MATH = YES;
				SDKROOT = iphoneos;
				SWIFT_COMPILATION_MODE = wholemodule;
				SWIFT_OPTIMIZATION_LEVEL = "-O";
				VALIDATE_PRODUCT = YES;
			};
			name = Release;
		};
		C395A0BD28E12CAA0075472A /* Debug */ = {
			isa = XCBuildConfiguration;
			buildSettings = {
				ASSETCATALOG_COMPILER_APPICON_NAME = AppIcon;
				ASSETCATALOG_COMPILER_GLOBAL_ACCENT_COLOR_NAME = AccentColor;
				ASSETCATALOG_COMPILER_INCLUDE_ALL_APPICON_ASSETS = YES;
				CODE_SIGN_STYLE = Automatic;
				CURRENT_PROJECT_VERSION = 1;
				DEVELOPMENT_TEAM = K6VJ467ZFQ;
				GENERATE_INFOPLIST_FILE = YES;
				INFOPLIST_FILE = Flix/Info.plist;
				INFOPLIST_KEY_CFBundleDisplayName = Flix;
				INFOPLIST_KEY_UIApplicationSupportsIndirectInputEvents = YES;
				INFOPLIST_KEY_UILaunchStoryboardName = LaunchScreen.storyboard;
				INFOPLIST_KEY_UIMainStoryboardFile = Main;
				INFOPLIST_KEY_UIRequiresFullScreen = NO;
				INFOPLIST_KEY_UIStatusBarStyle = UIStatusBarStyleDarkContent;
				INFOPLIST_KEY_UISupportedInterfaceOrientations_iPad = "UIInterfaceOrientationPortrait UIInterfaceOrientationPortraitUpsideDown UIInterfaceOrientationLandscapeLeft UIInterfaceOrientationLandscapeRight";
				INFOPLIST_KEY_UISupportedInterfaceOrientations_iPhone = "UIInterfaceOrientationPortrait UIInterfaceOrientationLandscapeLeft UIInterfaceOrientationLandscapeRight";
				IPHONEOS_DEPLOYMENT_TARGET = 15.0;
				LD_RUNPATH_SEARCH_PATHS = (
					"$(inherited)",
					"@executable_path/Frameworks",
				);
				MARKETING_VERSION = 1.0;
				PRODUCT_BUNDLE_IDENTIFIER = IOS.Flix;
				PRODUCT_NAME = "$(TARGET_NAME)";
				SWIFT_EMIT_LOC_STRINGS = YES;
				SWIFT_VERSION = 5.0;
				TARGETED_DEVICE_FAMILY = "1,2";
			};
			name = Debug;
		};
		C395A0BE28E12CAA0075472A /* Release */ = {
			isa = XCBuildConfiguration;
			buildSettings = {
				ASSETCATALOG_COMPILER_APPICON_NAME = AppIcon;
				ASSETCATALOG_COMPILER_GLOBAL_ACCENT_COLOR_NAME = AccentColor;
				ASSETCATALOG_COMPILER_INCLUDE_ALL_APPICON_ASSETS = YES;
				CODE_SIGN_STYLE = Automatic;
				CURRENT_PROJECT_VERSION = 1;
				DEVELOPMENT_TEAM = K6VJ467ZFQ;
				GENERATE_INFOPLIST_FILE = YES;
				INFOPLIST_FILE = Flix/Info.plist;
				INFOPLIST_KEY_CFBundleDisplayName = Flix;
				INFOPLIST_KEY_UIApplicationSupportsIndirectInputEvents = YES;
				INFOPLIST_KEY_UILaunchStoryboardName = LaunchScreen.storyboard;
				INFOPLIST_KEY_UIMainStoryboardFile = Main;
				INFOPLIST_KEY_UIRequiresFullScreen = NO;
				INFOPLIST_KEY_UIStatusBarStyle = UIStatusBarStyleDarkContent;
				INFOPLIST_KEY_UISupportedInterfaceOrientations_iPad = "UIInterfaceOrientationPortrait UIInterfaceOrientationPortraitUpsideDown UIInterfaceOrientationLandscapeLeft UIInterfaceOrientationLandscapeRight";
				INFOPLIST_KEY_UISupportedInterfaceOrientations_iPhone = "UIInterfaceOrientationPortrait UIInterfaceOrientationLandscapeLeft UIInterfaceOrientationLandscapeRight";
				IPHONEOS_DEPLOYMENT_TARGET = 15.0;
				LD_RUNPATH_SEARCH_PATHS = (
					"$(inherited)",
					"@executable_path/Frameworks",
				);
				MARKETING_VERSION = 1.0;
				PRODUCT_BUNDLE_IDENTIFIER = IOS.Flix;
				PRODUCT_NAME = "$(TARGET_NAME)";
				SWIFT_EMIT_LOC_STRINGS = YES;
				SWIFT_VERSION = 5.0;
				TARGETED_DEVICE_FAMILY = "1,2";
			};
			name = Release;
		};
		C395A0C028E12CAA0075472A /* Debug */ = {
			isa = XCBuildConfiguration;
			buildSettings = {
				ALWAYS_EMBED_SWIFT_STANDARD_LIBRARIES = YES;
				BUNDLE_LOADER = "$(TEST_HOST)";
				CODE_SIGN_STYLE = Automatic;
				CURRENT_PROJECT_VERSION = 1;
				DEVELOPMENT_TEAM = K6VJ467ZFQ;
				GENERATE_INFOPLIST_FILE = YES;
				IPHONEOS_DEPLOYMENT_TARGET = 15.0;
				MARKETING_VERSION = 1.0;
				PRODUCT_BUNDLE_IDENTIFIER = IOS.FlixTests;
				PRODUCT_NAME = "$(TARGET_NAME)";
				SWIFT_EMIT_LOC_STRINGS = NO;
				SWIFT_VERSION = 5.0;
				TARGETED_DEVICE_FAMILY = "1,2";
				TEST_HOST = "$(BUILT_PRODUCTS_DIR)/Flix.app/$(BUNDLE_EXECUTABLE_FOLDER_PATH)/Flix";
			};
			name = Debug;
		};
		C395A0C128E12CAA0075472A /* Release */ = {
			isa = XCBuildConfiguration;
			buildSettings = {
				ALWAYS_EMBED_SWIFT_STANDARD_LIBRARIES = YES;
				BUNDLE_LOADER = "$(TEST_HOST)";
				CODE_SIGN_STYLE = Automatic;
				CURRENT_PROJECT_VERSION = 1;
				DEVELOPMENT_TEAM = K6VJ467ZFQ;
				GENERATE_INFOPLIST_FILE = YES;
				IPHONEOS_DEPLOYMENT_TARGET = 15.0;
				MARKETING_VERSION = 1.0;
				PRODUCT_BUNDLE_IDENTIFIER = IOS.FlixTests;
				PRODUCT_NAME = "$(TARGET_NAME)";
				SWIFT_EMIT_LOC_STRINGS = NO;
				SWIFT_VERSION = 5.0;
				TARGETED_DEVICE_FAMILY = "1,2";
				TEST_HOST = "$(BUILT_PRODUCTS_DIR)/Flix.app/$(BUNDLE_EXECUTABLE_FOLDER_PATH)/Flix";
			};
			name = Release;
		};
		C395A0C328E12CAA0075472A /* Debug */ = {
			isa = XCBuildConfiguration;
			buildSettings = {
				ALWAYS_EMBED_SWIFT_STANDARD_LIBRARIES = YES;
				CODE_SIGN_STYLE = Automatic;
				CURRENT_PROJECT_VERSION = 1;
				DEVELOPMENT_TEAM = K6VJ467ZFQ;
				GENERATE_INFOPLIST_FILE = YES;
				MARKETING_VERSION = 1.0;
				PRODUCT_BUNDLE_IDENTIFIER = IOS.FlixUITests;
				PRODUCT_NAME = "$(TARGET_NAME)";
				SWIFT_EMIT_LOC_STRINGS = NO;
				SWIFT_VERSION = 5.0;
				TARGETED_DEVICE_FAMILY = "1,2";
				TEST_TARGET_NAME = Flix;
			};
			name = Debug;
		};
		C395A0C428E12CAA0075472A /* Release */ = {
			isa = XCBuildConfiguration;
			buildSettings = {
				ALWAYS_EMBED_SWIFT_STANDARD_LIBRARIES = YES;
				CODE_SIGN_STYLE = Automatic;
				CURRENT_PROJECT_VERSION = 1;
				DEVELOPMENT_TEAM = K6VJ467ZFQ;
				GENERATE_INFOPLIST_FILE = YES;
				MARKETING_VERSION = 1.0;
				PRODUCT_BUNDLE_IDENTIFIER = IOS.FlixUITests;
				PRODUCT_NAME = "$(TARGET_NAME)";
				SWIFT_EMIT_LOC_STRINGS = NO;
				SWIFT_VERSION = 5.0;
				TARGETED_DEVICE_FAMILY = "1,2";
				TEST_TARGET_NAME = Flix;
			};
			name = Release;
		};
/* End XCBuildConfiguration section */

/* Begin XCConfigurationList section */
		C395A08D28E12CA80075472A /* Build configuration list for PBXProject "Flix" */ = {
			isa = XCConfigurationList;
			buildConfigurations = (
				C395A0BA28E12CAA0075472A /* Debug */,
				C395A0BB28E12CAA0075472A /* Release */,
			);
			defaultConfigurationIsVisible = 0;
			defaultConfigurationName = Release;
		};
		C395A0BC28E12CAA0075472A /* Build configuration list for PBXNativeTarget "Flix" */ = {
			isa = XCConfigurationList;
			buildConfigurations = (
				C395A0BD28E12CAA0075472A /* Debug */,
				C395A0BE28E12CAA0075472A /* Release */,
			);
			defaultConfigurationIsVisible = 0;
			defaultConfigurationName = Release;
		};
		C395A0BF28E12CAA0075472A /* Build configuration list for PBXNativeTarget "FlixTests" */ = {
			isa = XCConfigurationList;
			buildConfigurations = (
				C395A0C028E12CAA0075472A /* Debug */,
				C395A0C128E12CAA0075472A /* Release */,
			);
			defaultConfigurationIsVisible = 0;
			defaultConfigurationName = Release;
		};
		C395A0C228E12CAA0075472A /* Build configuration list for PBXNativeTarget "FlixUITests" */ = {
			isa = XCConfigurationList;
			buildConfigurations = (
				C395A0C328E12CAA0075472A /* Debug */,
				C395A0C428E12CAA0075472A /* Release */,
			);
			defaultConfigurationIsVisible = 0;
			defaultConfigurationName = Release;
		};
/* End XCConfigurationList section */

/* Begin XCRemoteSwiftPackageReference section */
		C355AE1928E139050031C977 /* XCRemoteSwiftPackageReference "AlamofireImage" */ = {
			isa = XCRemoteSwiftPackageReference;
			repositoryURL = "https://github.com/Alamofire/AlamofireImage";
			requirement = {
				kind = upToNextMajorVersion;
				minimumVersion = 4.0.0;
			};
		};
/* End XCRemoteSwiftPackageReference section */

/* Begin XCSwiftPackageProductDependency section */
		C355AE1A28E139050031C977 /* AlamofireImage */ = {
			isa = XCSwiftPackageProductDependency;
			package = C355AE1928E139050031C977 /* XCRemoteSwiftPackageReference "AlamofireImage" */;
			productName = AlamofireImage;
		};
/* End XCSwiftPackageProductDependency section */
	};
	rootObject = C395A08A28E12CA80075472A /* Project object */;
}
